<?xml version="1.0" encoding="utf-8"?>
<Project ToolsVersion="4.0" xmlns="http://schemas.microsoft.com/developer/msbuild/2003">
  <ItemGroup>
    <Filter Include="源文件">
      <UniqueIdentifier>{4FC737F1-C7A5-4376-A066-2A32D752A2FF}</UniqueIdentifier>
      <Extensions>cpp;c;cc;cxx;def;odl;idl;hpj;bat;asm;asmx</Extensions>
    </Filter>
    <Filter Include="头文件">
      <UniqueIdentifier>{93995380-89BD-4b04-88EB-625FBE52EBFB}</UniqueIdentifier>
      <Extensions>h;hh;hpp;hxx;hm;inl;inc;xsd</Extensions>
    </Filter>
    <Filter Include="资源文件">
      <UniqueIdentifier>{67DA6AB6-F800-4c08-8B7A-83BB121AAD01}</UniqueIdentifier>
      <Extensions>rc;ico;cur;bmp;dlg;rc2;rct;bin;rgs;gif;jpg;jpeg;jpe;resx;tiff;tif;png;wav;mfcribbon-ms</Extensions>
    </Filter>
  </ItemGroup>
  <ItemGroup>
    <Text Include="ReadMe.txt" />
  </ItemGroup>
  <ItemGroup>
    <ClInclude Include="NerveBot.h">
      <Filter>头文件</Filter>
    </ClInclude>
    <ClInclude Include="NerveBotDlg.h">
      <Filter>头文件</Filter>
    </ClInclude>
    <ClInclude Include="stdafx.h">
      <Filter>头文件</Filter>
    </ClInclude>
    <ClInclude Include="targetver.h">
      <Filter>头文件</Filter>
    </ClInclude>
    <ClInclude Include="Resource.h">
      <Filter>头文件</Filter>
    </ClInclude>
    <ClInclude Include="OrderWnd.h">
      <Filter>头文件</Filter>
    </ClInclude>
    <ClInclude Include="OpenSSLAES.h">
      <Filter>头文件</Filter>
    </ClInclude>
    <ClInclude Include="StringConvert.h">
      <Filter>头文件</Filter>
    </ClInclude>
    <ClInclude Include="json.hpp">
      <Filter>头文件</Filter>
    </ClInclude>
    <ClInclude Include="Config.h">
      <Filter>头文件</Filter>
    </ClInclude>
    <ClInclude Include="libcurl.h">
      <Filter>头文件</Filter>
    </ClInclude>
    <ClInclude Include="API.h">
      <Filter>头文件</Filter>
    </ClInclude>
    <ClInclude Include="IniSettingWnd.h">
      <Filter>头文件</Filter>
    </ClInclude>
    <ClInclude Include="Login.h">
      <Filter>头文件</Filter>
    </ClInclude>
    <ClInclude Include="Language.h">
      <Filter>头文件</Filter>
    </ClInclude>
    <ClInclude Include="LoginWnd.h">
      <Filter>头文件</Filter>
    </ClInclude>
    <ClInclude Include="sha256.h">
      <Filter>头文件</Filter>
    </ClInclude>
    <ClInclude Include="Ripemd-160.h">
      <Filter>头文件</Filter>
    </ClInclude>
    <ClInclude Include="GetAddress.h">
      <Filter>头文件</Filter>
    </ClInclude>
    <ClInclude Include="Base58.h">
      <Filter>头文件</Filter>
    </ClInclude>
    <ClInclude Include="IniWndStatus.h">
      <Filter>头文件</Filter>
    </ClInclude>
    <ClInclude Include="JsonParse.h">
      <Filter>头文件</Filter>
    </ClInclude>
    <ClInclude Include="PostServer.h">
      <Filter>头文件</Filter>
    </ClInclude>
    <ClInclude Include="MonitorThread.h">
      <Filter>头文件</Filter>
    </ClInclude>
    <ClInclude Include="OrderControl.h">
      <Filter>头文件</Filter>
    </ClInclude>
    <ClInclude Include="OrderCancel.h">
      <Filter>头文件</Filter>
    </ClInclude>
    <ClInclude Include="MonitorOrder.h">
      <Filter>头文件</Filter>
    </ClInclude>
    <ClInclude Include="Logs.h">
      <Filter>头文件</Filter>
    </ClInclude>
    <ClInclude Include="MineManagerWnd.h">
      <Filter>头文件</Filter>
    </ClInclude>
    <ClInclude Include="MineManager.h">
      <Filter>头文件</Filter>
    </ClInclude>
    <ClInclude Include="BigNumber.h">
      <Filter>头文件</Filter>
    </ClInclude>
  </ItemGroup>
  <ItemGroup>
    <ClCompile Include="NerveBot.cpp">
      <Filter>源文件</Filter>
    </ClCompile>
    <ClCompile Include="NerveBotDlg.cpp">
      <Filter>源文件</Filter>
    </ClCompile>
    <ClCompile Include="stdafx.cpp">
      <Filter>源文件</Filter>
    </ClCompile>
    <ClCompile Include="OrderWnd.cpp">
      <Filter>源文件</Filter>
    </ClCompile>
    <ClCompile Include="OpenSSLAES.cpp">
      <Filter>源文件</Filter>
    </ClCompile>
    <ClCompile Include="StringConvert.cpp">
      <Filter>源文件</Filter>
    </ClCompile>
    <ClCompile Include="Config.cpp">
      <Filter>源文件</Filter>
    </ClCompile>
    <ClCompile Include="libcurl.cpp">
      <Filter>源文件</Filter>
    </ClCompile>
    <ClCompile Include="secp256k1.cpp">
      <Filter>源文件</Filter>
    </ClCompile>
    <ClCompile Include="API.cpp">
      <Filter>源文件</Filter>
    </ClCompile>
    <ClCompile Include="Login.cpp">
      <Filter>源文件</Filter>
    </ClCompile>
    <ClCompile Include="IniSettingWnd.cpp">
      <Filter>源文件</Filter>
    </ClCompile>
    <ClCompile Include="Language.cpp">
      <Filter>源文件</Filter>
    </ClCompile>
    <ClCompile Include="LoginWnd.cpp">
      <Filter>源文件</Filter>
    </ClCompile>
    <ClCompile Include="sha256.cpp">
      <Filter>源文件</Filter>
    </ClCompile>
    <ClCompile Include="GetAddress.cpp">
      <Filter>源文件</Filter>
    </ClCompile>
    <ClCompile Include="Ripemd-160.cpp">
      <Filter>源文件</Filter>
    </ClCompile>
    <ClCompile Include="Base58.cpp">
      <Filter>源文件</Filter>
    </ClCompile>
    <ClCompile Include="IniWndStatus.cpp">
      <Filter>源文件</Filter>
    </ClCompile>
    <ClCompile Include="MonitorThread.cpp">
      <Filter>源文件</Filter>
    </ClCompile>
    <ClCompile Include="JsonParse.cpp">
      <Filter>源文件</Filter>
    </ClCompile>
    <ClCompile Include="PostServer.cpp">
      <Filter>源文件</Filter>
    </ClCompile>
    <ClCompile Include="OrderControl.cpp">
      <Filter>源文件</Filter>
    </ClCompile>
    <ClCompile Include="OrderCancel.cpp">
      <Filter>源文件</Filter>
    </ClCompile>
    <ClCompile Include="MonitorOrder.cpp">
      <Filter>源文件</Filter>
    </ClCompile>
    <ClCompile Include="Logs.cpp">
      <Filter>源文件</Filter>
    </ClCompile>
    <ClCompile Include="MineManagerWnd.cpp">
      <Filter>源文件</Filter>
    </ClCompile>
    <ClCompile Include="MineManager.cpp">
      <Filter>源文件</Filter>
    </ClCompile>
    <ClCompile Include="BinNumber.cpp">
      <Filter>源文件</Filter>
    </ClCompile>
    <ClCompile Include="Ripemd160.cpp">
      <Filter>源文件</Filter>
    </ClCompile>
  </ItemGroup>
  <ItemGroup>
    <ResourceCompile Include="NerveBot.rc">
      <Filter>资源文件</Filter>
    </ResourceCompile>
  </ItemGroup>
  <ItemGroup>
    <None Include="res\NerveBot.rc2">
      <Filter>资源文件</Filter>
    </None>
  </ItemGroup>
  <ItemGroup>
    <Image Include="res\NerveBot.ico">
      <Filter>资源文件</Filter>
    </Image>
    <Image Include="res\icon1.ico">
      <Filter>资源文件</Filter>
    </Image>
    <Image Include="res\NBot.ico">
      <Filter>资源文件</Filter>
    </Image>
  </ItemGroup>
</Project>